
Microsoft Visual Studio Solution File, Format Version 12.00
# Visual Studio Version 17
VisualStudioVersion = 17.0.31903.59
MinimumVisualStudioVersion = 10.0.40219.1
Project("{FAE04EC0-301F-11D3-BF4B-00C04F79EFBC}") = "MA.BlazorRest", "src\MA.BlazorRest.csproj", "{3C484C7B-A6F9-4188-8394-F13E35C113EF}"
EndProject
Global
	GlobalSection(SolutionConfigurationPlatforms) = preSolution
		Debug|Any CPU = Debug|Any CPU
		Release|Any CPU = Release|Any CPU
	EndGlobalSection
	GlobalSection(SolutionProperties) = preSolution
		HideSolutionNode = FALSE
	EndGlobalSection
	GlobalSection(ProjectConfigurationPlatforms) = postSolution
		{3C484C7B-A6F9-4188-8394-F13E35C113EF}.Debug|Any CPU.ActiveCfg = Debug|Any CPU
		{3C484C7B-A6F9-4188-8394-F13E35C113EF}.Debug|Any CPU.Build.0 = Debug|Any CPU
		{3C484C7B-A6F9-4188-8394-F13E35C113EF}.Release|Any CPU.ActiveCfg = Release|Any CPU
		{3C484C7B-A6F9-4188-8394-F13E35C113EF}.Release|Any CPU.Build.0 = Release|Any CPU
	EndGlobalSection
EndGlobal
